
Microsoft Visual Studio Solution File, Format Version 12.00
# Visual Studio Version 17
VisualStudioVersion = 17.14.36915.13 d17.14
MinimumVisualStudioVersion = 10.0.40219.1
Project("{FAE04EC0-301F-11D3-BF4B-00C04F79EFBC}") = "HelpHub.Domain", "HelpHub.Domain\HelpHub.Domain.csproj", "{D874F7E1-C19D-430E-90F3-828F8792A833}"
EndProject
Project("{FAE04EC0-301F-11D3-BF4B-00C04F79EFBC}") = "HelpHub.Application", "HelpHub.Application\HelpHub.Application.csproj", "{D66198F5-ECEB-43A1-9F93-9F6BF6E090A6}"
EndProject
Project("{FAE04EC0-301F-11D3-BF4B-00C04F79EFBC}") = "HelpHub.Infrastructure", "HelpHub.Infrastructure\HelpHub.Infrastructure.csproj", "{AB884F4F-6404-411B-9DA0-E8FA7A546C57}"
EndProject
Project("{FAE04EC0-301F-11D3-BF4B-00C04F79EFBC}") = "HelpHub.API", "HelpHub.API\HelpHub.API.csproj", "{2578B205-3873-4A37-8FE7-C3312C183069}"
EndProject
Project("{FAE04EC0-301F-11D3-BF4B-00C04F79EFBC}") = "HelpHub.Tests", "HelpHub.Tests\HelpHub.Tests.csproj", "{2C13A9EB-3DB8-4BDF-AD89-9B915263E7B0}"
EndProject
Global
	GlobalSection(SolutionConfigurationPlatforms) = preSolution
		Debug|Any CPU = Debug|Any CPU
		Release|Any CPU = Release|Any CPU
	EndGlobalSection
	GlobalSection(ProjectConfigurationPlatforms) = postSolution
		{D874F7E1-C19D-430E-90F3-828F8792A833}.Debug|Any CPU.ActiveCfg = Debug|Any CPU
		{D874F7E1-C19D-430E-90F3-828F8792A833}.Debug|Any CPU.Build.0 = Debug|Any CPU
		{D874F7E1-C19D-430E-90F3-828F8792A833}.Release|Any CPU.ActiveCfg = Release|Any CPU
		{D874F7E1-C19D-430E-90F3-828F8792A833}.Release|Any CPU.Build.0 = Release|Any CPU
		{D66198F5-ECEB-43A1-9F93-9F6BF6E090A6}.Debug|Any CPU.ActiveCfg = Debug|Any CPU
		{D66198F5-ECEB-43A1-9F93-9F6BF6E090A6}.Debug|Any CPU.Build.0 = Debug|Any CPU
		{D66198F5-ECEB-43A1-9F93-9F6BF6E090A6}.Release|Any CPU.ActiveCfg = Release|Any CPU
		{D66198F5-ECEB-43A1-9F93-9F6BF6E090A6}.Release|Any CPU.Build.0 = Release|Any CPU
		{AB884F4F-6404-411B-9DA0-E8FA7A546C57}.Debug|Any CPU.ActiveCfg = Debug|Any CPU
		{AB884F4F-6404-411B-9DA0-E8FA7A546C57}.Debug|Any CPU.Build.0 = Debug|Any CPU
		{AB884F4F-6404-411B-9DA0-E8FA7A546C57}.Release|Any CPU.ActiveCfg = Release|Any CPU
		{AB884F4F-6404-411B-9DA0-E8FA7A546C57}.Release|Any CPU.Build.0 = Release|Any CPU
		{2578B205-3873-4A37-8FE7-C3312C183069}.Debug|Any CPU.ActiveCfg = Debug|Any CPU
		{2578B205-3873-4A37-8FE7-C3312C183069}.Debug|Any CPU.Build.0 = Debug|Any CPU
		{2578B205-3873-4A37-8FE7-C3312C183069}.Release|Any CPU.ActiveCfg = Release|Any CPU
		{2578B205-3873-4A37-8FE7-C3312C183069}.Release|Any CPU.Build.0 = Release|Any CPU
		{2C13A9EB-3DB8-4BDF-AD89-9B915263E7B0}.Debug|Any CPU.ActiveCfg = Debug|Any CPU
		{2C13A9EB-3DB8-4BDF-AD89-9B915263E7B0}.Debug|Any CPU.Build.0 = Debug|Any CPU
		{2C13A9EB-3DB8-4BDF-AD89-9B915263E7B0}.Release|Any CPU.ActiveCfg = Release|Any CPU
		{2C13A9EB-3DB8-4BDF-AD89-9B915263E7B0}.Release|Any CPU.Build.0 = Release|Any CPU
	EndGlobalSection
	GlobalSection(SolutionProperties) = preSolution
		HideSolutionNode = FALSE
	EndGlobalSection
	GlobalSection(ExtensibilityGlobals) = postSolution
		SolutionGuid = {9CB65128-86B8-48FB-87E8-A54D5FF4BC5C}
	EndGlobalSection
EndGlobal
